<?xml version="1.0" encoding="UTF-8"?>
<Scheme
   version = "1.3">
   <BuildAction>
      <BuildActionEntries>
         <BuildActionEntry
            buildForRunning = "YES"
            buildForTesting = "YES">
            <BuildableReference
               BuildableIdentifier = "primary"
               BlueprintIdentifier = "E938C5BE1A66AA5B00B1DA9A"
               BuildableName = "StringsTest.xctest"
               BlueprintName = "StringsTest"
               ReferencedContainer = "container:Strings.xcodeproj">
            </BuildableReference>
         </BuildActionEntry>
      </BuildActionEntries>
   </BuildAction>
   <TestAction
      buildConfiguration = "Debug">
      <Testables>
         <TestableReference>
            <BuildableReference
               BuildableIdentifier = "primary"
               BlueprintIdentifier = "E938C5BE1A66AA5B00B1DA9A"
               BuildableName = "StringsTest.xctest"
               BlueprintName = "StringsTest"
               ReferencedContainer = "container:Strings.xcodeproj">
            </BuildableReference>
            <SkippedTests>
               <Test
                  Identifier = "StringsTest">
               </Test>
            </SkippedTests>
         </TestableReference>
      </Testables>
   </TestAction>
   <LaunchAction
      useCustomWorkingDirectory = "NO">
   </LaunchAction>
</Scheme>
